// !$*UTF8*$!
{
	archiveVersion = 1;
	classes = {
	};
	objectVersion = 56;
	objects = {

/* Begin PBXBuildFile section */
		15DCE30C2A3B880100CF387D /* AppDelegate.swift in Sources */ = {isa = PBXBuildFile; fileRef = 15DCE30B2A3B880100CF387D /* AppDelegate.swift */; };
		15DCE30E2A3B880100CF387D /* SceneDelegate.swift in Sources */ = {isa = PBXBuildFile; fileRef = 15DCE30D2A3B880100CF387D /* SceneDelegate.swift */; };
		15DCE3102A3B880100CF387D /* ViewController.swift in Sources */ = {isa = PBXBuildFile; fileRef = 15DCE30F2A3B880100CF387D /* ViewController.swift */; };
		15DCE3132A3B880100CF387D /* Main.storyboard in Resources */ = {isa = PBXBuildFile; fileRef = 15DCE3112A3B880100CF387D /* Main.storyboard */; };
		15DCE3152A3B880200CF387D /* Assets.xcassets in Resources */ = {isa = PBXBuildFile; fileRef = 15DCE3142A3B880200CF387D /* Assets.xcassets */; };
		15DCE3182A3B880200CF387D /* LaunchScreen.storyboard in Resources */ = {isa = PBXBuildFile; fileRef = 15DCE3162A3B880200CF387D /* LaunchScreen.storyboard */; };
		15DCE3262A3B94F200CF387D /* UITestingUITests.swift in Sources */ = {isa = PBXBuildFile; fileRef = 15DCE3252A3B94F200CF387D /* UITestingUITests.swift */; };
		15DCE3282A3B94F200CF387D /* UITestingUITestsLaunchTests.swift in Sources */ = {isa = PBXBuildFile; fileRef = 15DCE3272A3B94F200CF387D /* UITestingUITestsLaunchTests.swift */; };
/* End PBXBuildFile section */

/* Begin PBXContainerItemProxy section */
		15DCE3292A3B94F200CF387D /* PBXContainerItemProxy */ = {
			isa = PBXContainerItemProxy;
			containerPortal = 15DCE3002A3B880100CF387D /* Project object */;
			proxyType = 1;
			remoteGlobalIDString = 15DCE3072A3B880100CF387D;
			remoteInfo = UITesting;
		};
/* End PBXContainerItemProxy section */

/* Begin PBXFileReference section */
		15DCE3082A3B880100CF387D /* UITesting.app */ = {isa = PBXFileReference; explicitFileType = wrapper.application; includeInIndex = 0; path = UITesting.app; sourceTree = BUILT_PRODUCTS_DIR; };
		15DCE30B2A3B880100CF387D /* AppDelegate.swift */ = {isa = PBXFileReference; lastKnownFileType = sourcecode.swift; path = AppDelegate.swift; sourceTree = "<group>"; };
		15DCE30D2A3B880100CF387D /* SceneDelegate.swift */ = {isa = PBXFileReference; lastKnownFileType = sourcecode.swift; path = SceneDelegate.swift; sourceTree = "<group>"; };
		15DCE30F2A3B880100CF387D /* ViewController.swift */ = {isa = PBXFileReference; lastKnownFileType = sourcecode.swift; path = ViewController.swift; sourceTree = "<group>"; };
		15DCE3122A3B880100CF387D /* Base */ = {isa = PBXFileReference; lastKnownFileType = file.storyboard; name = Base; path = Base.lproj/Main.storyboard; sourceTree = "<group>"; };
		15DCE3142A3B880200CF387D /* Assets.xcassets */ = {isa = PBXFileReference; lastKnownFileType = folder.assetcatalog; path = Assets.xcassets; sourceTree = "<group>"; };
		15DCE3172A3B880200CF387D /* Base */ = {isa = PBXFileReference; lastKnownFileType = file.storyboard; name = Base; path = Base.lproj/LaunchScreen.storyboard; sourceTree = "<group>"; };
		15DCE3192A3B880200CF387D /* Info.plist */ = {isa = PBXFileReference; lastKnownFileType = text.plist.xml; path = Info.plist; sourceTree = "<group>"; };
		15DCE3232A3B94F200CF387D /* UITestingUITests.xctest */ = {isa = PBXFileReference; explicitFileType = wrapper.cfbundle; includeInIndex = 0; path = UITestingUITests.xctest; sourceTree = BUILT_PRODUCTS_DIR; };
		15DCE3252A3B94F200CF387D /* UITestingUITests.swift */ = {isa = PBXFileReference; lastKnownFileType = sourcecode.swift; path = UITestingUITests.swift; sourceTree = "<group>"; };
		15DCE3272A3B94F200CF387D /* UITestingUITestsLaunchTests.swift */ = {isa = PBXFileReference; lastKnownFileType = sourcecode.swift; path = UITestingUITestsLaunchTests.swift; sourceTree = "<group>"; };
/* End PBXFileReference section */

/* Begin PBXFrameworksBuildPhase section */
		15DCE3052A3B880100CF387D /* Frameworks */ = {
			isa = PBXFrameworksBuildPhase;
			buildActionMask = 2147483647;
			files = (
			);
			runOnlyForDeploymentPostprocessing = 0;
		};
		15DCE3202A3B94F200CF387D /* Frameworks */ = {
			isa = PBXFrameworksBuildPhase;
			buildActionMask = 2147483647;
			files = (
			);
			runOnlyForDeploymentPostprocessing = 0;
		};
/* End PBXFrameworksBuildPhase section */

/* Begin PBXGroup section */
		15DCE2FF2A3B880100CF387D = {
			isa = PBXGroup;
			children = (
				15DCE30A2A3B880100CF387D /* UITesting */,
				15DCE3242A3B94F200CF387D /* UITestingUITests */,
				15DCE3092A3B880100CF387D /* Products */,
			);
			sourceTree = "<group>";
		};
		15DCE3092A3B880100CF387D /* Products */ = {
			isa = PBXGroup;
			children = (
				15DCE3082A3B880100CF387D /* UITesting.app */,
				15DCE3232A3B94F200CF387D /* UITestingUITests.xctest */,
			);
			name = Products;
			sourceTree = "<group>";
		};
		15DCE30A2A3B880100CF387D /* UITesting */ = {
			isa = PBXGroup;
			children = (
				15DCE30B2A3B880100CF387D /* AppDelegate.swift */,
				15DCE30D2A3B880100CF387D /* SceneDelegate.swift */,
				15DCE30F2A3B880100CF387D /* ViewController.swift */,
				15DCE3112A3B880100CF387D /* Main.storyboard */,
				15DCE3142A3B880200CF387D /* Assets.xcassets */,
				15DCE3162A3B880200CF387D /* LaunchScreen.storyboard */,
				15DCE3192A3B880200CF387D /* Info.plist */,
			);
			path = UITesting;
			sourceTree = "<group>";
		};
		15DCE3242A3B94F200CF387D /* UITestingUITests */ = {
			isa = PBXGroup;
			children = (
				15DCE3252A3B94F200CF387D /* UITestingUITests.swift */,
				15DCE3272A3B94F200CF387D /* UITestingUITestsLaunchTests.swift */,
			);
			path = UITestingUITests;
			sourceTree = "<group>";
		};
/* End PBXGroup section */

/* Begin PBXNativeTarget section */
		15DCE3072A3B880100CF387D /* UITesting */ = {
			isa = PBXNativeTarget;
			buildConfigurationList = 15DCE31C2A3B880200CF387D /* Build configuration list for PBXNativeTarget "UITesting" */;
			buildPhases = (
				15DCE3042A3B880100CF387D /* Sources */,
				15DCE3052A3B880100CF387D /* Frameworks */,
				15DCE3062A3B880100CF387D /* Resources */,
			);
			buildRules = (
			);
			dependencies = (
			);
			name = UITesting;
			productName = UITesting;
			productReference = 15DCE3082A3B880100CF387D /* UITesting.app */;
			productType = "com.apple.product-type.application";
		};
		15DCE3222A3B94F200CF387D /* UITestingUITests */ = {
			isa = PBXNativeTarget;
			buildConfigurationList = 15DCE32B2A3B94F200CF387D /* Build configuration list for PBXNativeTarget "UITestingUITests" */;
			buildPhases = (
				15DCE31F2A3B94F200CF387D /* Sources */,
				15DCE3202A3B94F200CF387D /* Frameworks */,
				15DCE3212A3B94F200CF387D /* Resources */,
			);
			buildRules = (
			);
			dependencies = (
				15DCE32A2A3B94F200CF387D /* PBXTargetDependency */,
			);
			name = UITestingUITests;
			productName = UITestingUITests;
			productReference = 15DCE3232A3B94F200CF387D /* UITestingUITests.xctest */;
			productType = "com.apple.product-type.bundle.ui-testing";
		};
/* End PBXNativeTarget section */

/* Begin PBXProject section */
		15DCE3002A3B880100CF387D /* Project object */ = {
			isa = PBXProject;
			attributes = {
				BuildIndependentTargetsInParallel = 1;
				LastSwiftUpdateCheck = 1420;
				LastUpgradeCheck = 1420;
				TargetAttributes = {
					15DCE3072A3B880100CF387D = {
						CreatedOnToolsVersion = 14.2;
					};
					15DCE3222A3B94F200CF387D = {
						CreatedOnToolsVersion = 14.2;
						TestTargetID = 15DCE3072A3B880100CF387D;
					};
				};
			};
			buildConfigurationList = 15DCE3032A3B880100CF387D /* Build configuration list for PBXProject "UITesting" */;
			compatibilityVersion = "Xcode 14.0";
			developmentRegion = en;
			hasScannedForEncodings = 0;
			knownRegions = (
				en,
				Base,
			);
			mainGroup = 15DCE2FF2A3B880100CF387D;
			productRefGroup = 15DCE3092A3B880100CF387D /* Products */;
			projectDirPath = "";
			projectRoot = "";
			targets = (
				15DCE3072A3B880100CF387D /* UITesting */,
				15DCE3222A3B94F200CF387D /* UITestingUITests */,
			);
		};
/* End PBXProject section */

/* Begin PBXResourcesBuildPhase section */
		15DCE3062A3B880100CF387D /* Resources */ = {
			isa = PBXResourcesBuildPhase;
			buildActionMask = 2147483647;
			files = (
				15DCE3182A3B880200CF387D /* LaunchScreen.storyboard in Resources */,
				15DCE3152A3B880200CF387D /* Assets.xcassets in Resources */,
				15DCE3132A3B880100CF387D /* Main.storyboard in Resources */,
			);
			runOnlyForDeploymentPostprocessing = 0;
		};
		15DCE3212A3B94F200CF387D /* Resources */ = {
			isa = PBXResourcesBuildPhase;
			buildActionMask = 2147483647;
			files = (
			);
			runOnlyForDeploymentPostprocessing = 0;
		};
/* End PBXResourcesBuildPhase section */

/* Begin PBXSourcesBuildPhase section */
		15DCE3042A3B880100CF387D /* Sources */ = {
			isa = PBXSourcesBuildPhase;
			buildActionMask = 2147483647;
			files = (
				15DCE3102A3B880100CF387D /* ViewController.swift in Sources */,
				15DCE30C2A3B880100CF387D /* AppDelegate.swift in Sources */,
				15DCE30E2A3B880100CF387D /* SceneDelegate.swift in Sources */,
			);
			runOnlyForDeploymentPostprocessing = 0;
		};
		15DCE31F2A3B94F200CF387D /* Sources */ = {
			isa = PBXSourcesBuildPhase;
			buildActionMask = 2147483647;
			files = (
				15DCE3262A3B94F200CF387D /* UITestingUITests.swift in Sources */,
				15DCE3282A3B94F200CF387D /* UITestingUITestsLaunchTests.swift in Sources */,
			);
			runOnlyForDeploymentPostprocessing = 0;
		};
/* End PBXSourcesBuildPhase section */

/* Begin PBXTargetDependency section */
		15DCE32A2A3B94F200CF387D /* PBXTargetDependency */ = {
			isa = PBXTargetDependency;
			target = 15DCE3072A3B880100CF387D /* UITesting */;
			targetProxy = 15DCE3292A3B94F200CF387D /* PBXContainerItemProxy */;
		};
/* End PBXTargetDependency section */

/* Begin PBXVariantGroup section */
		15DCE3112A3B880100CF387D /* Main.storyboard */ = {
			isa = PBXVariantGroup;
			children = (
				15DCE3122A3B880100CF387D /* Base */,
			);
			name = Main.storyboard;
			sourceTree = "<group>";
		};
		15DCE3162A3B880200CF387D /* LaunchScreen.storyboard */ = {
			isa = PBXVariantGroup;
			children = (
				15DCE3172A3B880200CF387D /* Base */,
			);
			name = LaunchScreen.storyboard;
			sourceTree = "<group>";
		};
/* End PBXVariantGroup section */

/* Begin XCBuildConfiguration section */
		15DCE31A2A3B880200CF387D /* Debug */ = {
			isa = XCBuildConfiguration;
			buildSettings = {
				ALWAYS_SEARCH_USER_PATHS = NO;
				CLANG_ANALYZER_NONNULL = YES;
				CLANG_ANALYZER_NUMBER_OBJECT_CONVERSION = YES_AGGRESSIVE;
				CLANG_CXX_LANGUAGE_STANDARD = "gnu++20";
				CLANG_ENABLE_MODULES = YES;
				CLANG_ENABLE_OBJC_ARC = YES;
				CLANG_ENABLE_OBJC_WEAK = YES;
				CLANG_WARN_BLOCK_CAPTURE_AUTORELEASING = YES;
				CLANG_WARN_BOOL_CONVERSION = YES;
				CLANG_WARN_COMMA = YES;
				CLANG_WARN_CONSTANT_CONVERSION = YES;
				CLANG_WARN_DEPRECATED_OBJC_IMPLEMENTATIONS = YES;
				CLANG_WARN_DIRECT_OBJC_ISA_USAGE = YES_ERROR;
				CLANG_WARN_DOCUMENTATION_COMMENTS = YES;
				CLANG_WARN_EMPTY_BODY = YES;
				CLANG_WARN_ENUM_CONVERSION = YES;
				CLANG_WARN_INFINITE_RECURSION = YES;
				CLANG_WARN_INT_CONVERSION = YES;
				CLANG_WARN_NON_LITERAL_NULL_CONVERSION = YES;
				CLANG_WARN_OBJC_IMPLICIT_RETAIN_SELF = YES;
				CLANG_WARN_OBJC_LITERAL_CONVERSION = YES;
				CLANG_WARN_OBJC_ROOT_CLASS = YES_ERROR;
				CLANG_WARN_QUOTED_INCLUDE_IN_FRAMEWORK_HEADER = YES;
				CLANG_WARN_RANGE_LOOP_ANALYSIS = YES;
				CLANG_WARN_STRICT_PROTOTYPES = YES;
				CLANG_WARN_SUSPICIOUS_MOVE = YES;
				CLANG_WARN_UNGUARDED_AVAILABILITY = YES_AGGRESSIVE;
				CLANG_WARN_UNREACHABLE_CODE = YES;
				CLANG_WARN__DUPLICATE_METHOD_MATCH = YES;
				COPY_PHASE_STRIP = NO;
				DEBUG_INFORMATION_FORMAT = dwarf;
				ENABLE_STRICT_OBJC_MSGSEND = YES;
				ENABLE_TESTABILITY = YES;
				GCC_C_LANGUAGE_STANDARD = gnu11;
				GCC_DYNAMIC_NO_PIC = NO;
				GCC_NO_COMMON_BLOCKS = YES;
				GCC_OPTIMIZATION_LEVEL = 0;
				GCC_PREPROCESSOR_DEFINITIONS = (
					"DEBUG=1",
					"$(inherited)",
				);
				GCC_WARN_64_TO_32_BIT_CONVERSION = YES;
				GCC_WARN_ABOUT_RETURN_TYPE = YES_ERROR;
				GCC_WARN_UNDECLARED_SELECTOR = YES;
				GCC_WARN_UNINITIALIZED_AUTOS = YES_AGGRESSIVE;
				GCC_WARN_UNUSED_FUNCTION = YES;
				GCC_WARN_UNUSED_VARIABLE = YES;
				IPHONEOS_DEPLOYMENT_TARGET = 16.2;
				MTL_ENABLE_DEBUG_INFO = INCLUDE_SOURCE;
				MTL_FAST_MATH = YES;
				ONLY_ACTIVE_ARCH = YES;
				SDKROOT = iphoneos;
				SWIFT_ACTIVE_COMPILATION_CONDITIONS = DEBUG;
				SWIFT_OPTIMIZATION_LEVEL = "-Onone";
			};
			name = Debug;
		};
		15DCE31B2A3B880200CF387D /* Release */ = {
			isa = XCBuildConfiguration;
			buildSettings = {
				ALWAYS_SEARCH_USER_PATHS = NO;
				CLANG_ANALYZER_NONNULL = YES;
				CLANG_ANALYZER_NUMBER_OBJECT_CONVERSION = YES_AGGRESSIVE;
				CLANG_CXX_LANGUAGE_STANDARD = "gnu++20";
				CLANG_ENABLE_MODULES = YES;
				CLANG_ENABLE_OBJC_ARC = YES;
				CLANG_ENABLE_OBJC_WEAK = YES;
				CLANG_WARN_BLOCK_CAPTURE_AUTORELEASING = YES;
				CLANG_WARN_BOOL_CONVERSION = YES;
				CLANG_WARN_COMMA = YES;
				CLANG_WARN_CONSTANT_CONVERSION = YES;
				CLANG_WARN_DEPRECATED_OBJC_IMPLEMENTATIONS = YES;
				CLANG_WARN_DIRECT_OBJC_ISA_USAGE = YES_ERROR;
				CLANG_WARN_DOCUMENTATION_COMMENTS = YES;
				CLANG_WARN_EMPTY_BODY = YES;
				CLANG_WARN_ENUM_CONVERSION = YES;
				CLANG_WARN_INFINITE_RECURSION = YES;
				CLANG_WARN_INT_CONVERSION = YES;
				CLANG_WARN_NON_LITERAL_NULL_CONVERSION = YES;
				CLANG_WARN_OBJC_IMPLICIT_RETAIN_SELF = YES;
				CLANG_WARN_OBJC_LITERAL_CONVERSION = YES;
				CLANG_WARN_OBJC_ROOT_CLASS = YES_ERROR;
				CLANG_WARN_QUOTED_INCLUDE_IN_FRAMEWORK_HEADER = YES;
				CLANG_WARN_RANGE_LOOP_ANALYSIS = YES;
				CLANG_WARN_STRICT_PROTOTYPES = YES;
				CLANG_WARN_SUSPICIOUS_MOVE = YES;
				CLANG_WARN_UNGUARDED_AVAILABILITY = YES_AGGRESSIVE;
				CLANG_WARN_UNREACHABLE_CODE = YES;
				CLANG_WARN__DUPLICATE_METHOD_MATCH = YES;
				COPY_PHASE_STRIP = NO;
				DEBUG_INFORMATION_FORMAT = "dwarf-with-dsym";
				ENABLE_NS_ASSERTIONS = NO;
				ENABLE_STRICT_OBJC_MSGSEND = YES;
				GCC_C_LANGUAGE_STANDARD = gnu11;
				GCC_NO_COMMON_BLOCKS = YES;
				GCC_WARN_64_TO_32_BIT_CONVERSION = YES;
				GCC_WARN_ABOUT_RETURN_TYPE = YES_ERROR;
				GCC_WARN_UNDECLARED_SELECTOR = YES;
				GCC_WARN_UNINITIALIZED_AUTOS = YES_AGGRESSIVE;
				GCC_WARN_UNUSED_FUNCTION = YES;
				GCC_WARN_UNUSED_VARIABLE = YES;
				IPHONEOS_DEPLOYMENT_TARGET = 16.2;
				MTL_ENABLE_DEBUG_INFO = NO;
				MTL_FAST_MATH = YES;
				SDKROOT = iphoneos;
				SWIFT_COMPILATION_MODE = wholemodule;
				SWIFT_OPTIMIZATION_LEVEL = "-O";
				VALIDATE_PRODUCT = YES;
			};
			name = Release;
		};
		15DCE31D2A3B880200CF387D /* Debug */ = {
			isa = XCBuildConfiguration;
			buildSettings = {
				ASSETCATALOG_COMPILER_APPICON_NAME = AppIcon;
				ASSETCATALOG_COMPILER_GLOBAL_ACCENT_COLOR_NAME = AccentColor;
				CODE_SIGN_STYLE = Automatic;
				CURRENT_PROJECT_VERSION = 1;
				GENERATE_INFOPLIST_FILE = YES;
				INFOPLIST_FILE = UITesting/Info.plist;
				INFOPLIST_KEY_UIApplicationSupportsIndirectInputEvents = YES;
				INFOPLIST_KEY_UILaunchStoryboardName = LaunchScreen;
				INFOPLIST_KEY_UIMainStoryboardFile = Main;
				INFOPLIST_KEY_UISupportedInterfaceOrientations_iPad = "UIInterfaceOrientationPortrait UIInterfaceOrientationPortraitUpsideDown UIInterfaceOrientationLandscapeLeft UIInterfaceOrientationLandscapeRight";
				INFOPLIST_KEY_UISupportedInterfaceOrientations_iPhone = "UIInterfaceOrientationPortrait UIInterfaceOrientationLandscapeLeft UIInterfaceOrientationLandscapeRight";
				LD_RUNPATH_SEARCH_PATHS = (
					"$(inherited)",
					"@executable_path/Frameworks",
				);
				MARKETING_VERSION = 1.0;
				PRODUCT_BUNDLE_IDENTIFIER = com.antony.UITesting;
				PRODUCT_NAME = "$(TARGET_NAME)";
				SWIFT_EMIT_LOC_STRINGS = YES;
				SWIFT_VERSION = 5.0;
				TARGETED_DEVICE_FAMILY = "1,2";
			};
			name = Debug;
		};
		15DCE31E2A3B880200CF387D /* Release */ = {
			isa = XCBuildConfiguration;
			buildSettings = {
				ASSETCATALOG_COMPILER_APPICON_NAME = AppIcon;
				ASSETCATALOG_COMPILER_GLOBAL_ACCENT_COLOR_NAME = AccentColor;
				CODE_SIGN_STYLE = Automatic;
				CURRENT_PROJECT_VERSION = 1;
				GENERATE_INFOPLIST_FILE = YES;
				INFOPLIST_FILE = UITesting/Info.plist;
				INFOPLIST_KEY_UIApplicationSupportsIndirectInputEvents = YES;
				INFOPLIST_KEY_UILaunchStoryboardName = LaunchScreen;
				INFOPLIST_KEY_UIMainStoryboardFile = Main;
				INFOPLIST_KEY_UISupportedInterfaceOrientations_iPad = "UIInterfaceOrientationPortrait UIInterfaceOrientationPortraitUpsideDown UIInterfaceOrientationLandscapeLeft UIInterfaceOrientationLandscapeRight";
				INFOPLIST_KEY_UISupportedInterfaceOrientations_iPhone = "UIInterfaceOrientationPortrait UIInterfaceOrientationLandscapeLeft UIInterfaceOrientationLandscapeRight";
				LD_RUNPATH_SEARCH_PATHS = (
					"$(inherited)",
					"@executable_path/Frameworks",
				);
				MARKETING_VERSION = 1.0;
				PRODUCT_BUNDLE_IDENTIFIER = com.antony.UITesting;
				PRODUCT_NAME = "$(TARGET_NAME)";
				SWIFT_EMIT_LOC_STRINGS = YES;
				SWIFT_VERSION = 5.0;
				TARGETED_DEVICE_FAMILY = "1,2";
			};
			name = Release;
		};
		15DCE32C2A3B94F200CF387D /* Debug */ = {
			isa = XCBuildConfiguration;
			buildSettings = {
				CODE_SIGN_STYLE = Automatic;
				CURRENT_PROJECT_VERSION = 1;
				GENERATE_INFOPLIST_FILE = YES;
				MARKETING_VERSION = 1.0;
				PRODUCT_BUNDLE_IDENTIFIER = com.antony.UITestingUITests;
				PRODUCT_NAME = "$(TARGET_NAME)";
				SWIFT_EMIT_LOC_STRINGS = NO;
				SWIFT_VERSION = 5.0;
				TARGETED_DEVICE_FAMILY = "1,2";
				TEST_TARGET_NAME = UITesting;
			};
			name = Debug;
		};
		15DCE32D2A3B94F200CF387D /* Release */ = {
			isa = XCBuildConfiguration;
			buildSettings = {
				CODE_SIGN_STYLE = Automatic;
				CURRENT_PROJECT_VERSION = 1;
				GENERATE_INFOPLIST_FILE = YES;
				MARKETING_VERSION = 1.0;
				PRODUCT_BUNDLE_IDENTIFIER = com.antony.UITestingUITests;
				PRODUCT_NAME = "$(TARGET_NAME)";
				SWIFT_EMIT_LOC_STRINGS = NO;
				SWIFT_VERSION = 5.0;
				TARGETED_DEVICE_FAMILY = "1,2";
				TEST_TARGET_NAME = UITesting;
			};
			name = Release;
		};
/* End XCBuildConfiguration section */

/* Begin XCConfigurationList section */
		15DCE3032A3B880100CF387D /* Build configuration list for PBXProject "UITesting" */ = {
			isa = XCConfigurationList;
			buildConfigurations = (
				15DCE31A2A3B880200CF387D /* Debug */,
				15DCE31B2A3B880200CF387D /* Release */,
			);
			defaultConfigurationIsVisible = 0;
			defaultConfigurationName = Release;
		};
		15DCE31C2A3B880200CF387D /* Build configuration list for PBXNativeTarget "UITesting" */ = {
			isa = XCConfigurationList;
			buildConfigurations = (
				15DCE31D2A3B880200CF387D /* Debug */,
				15DCE31E2A3B880200CF387D /* Release */,
			);
			defaultConfigurationIsVisible = 0;
			defaultConfigurationName = Release;
		};
		15DCE32B2A3B94F200CF387D /* Build configuration list for PBXNativeTarget "UITestingUITests" */ = {
			isa = XCConfigurationList;
			buildConfigurations = (
				15DCE32C2A3B94F200CF387D /* Debug */,
				15DCE32D2A3B94F200CF387D /* Release */,
			);
			defaultConfigurationIsVisible = 0;
			defaultConfigurationName = Release;
		};
/* End XCConfigurationList section */
	};
	rootObject = 15DCE3002A3B880100CF387D /* Project object */;
}
